// !$*UTF8*$!
{
	archiveVersion = 1;
	classes = {
	};
	objectVersion = 55;
	objects = {

/* Begin PBXBuildFile section */
		6625E646275AF8A000CD740E /* DanceDetailView.swift in Sources */ = {isa = PBXBuildFile; fileRef = 6625E645275AF8A000CD740E /* DanceDetailView.swift */; };
		6625E647275AF8A000CD740E /* DanceDetailView.swift in Sources */ = {isa = PBXBuildFile; fileRef = 6625E645275AF8A000CD740E /* DanceDetailView.swift */; };
		6625E648275AF8A000CD740E /* DanceDetailView.swift in Sources */ = {isa = PBXBuildFile; fileRef = 6625E645275AF8A000CD740E /* DanceDetailView.swift */; };
		6625E64A275AFD6300CD740E /* LevelBox.swift in Sources */ = {isa = PBXBuildFile; fileRef = 6625E649275AFD6300CD740E /* LevelBox.swift */; };
		6625E64B275AFD6300CD740E /* LevelBox.swift in Sources */ = {isa = PBXBuildFile; fileRef = 6625E649275AFD6300CD740E /* LevelBox.swift */; };
		6625E64C275AFD6300CD740E /* LevelBox.swift in Sources */ = {isa = PBXBuildFile; fileRef = 6625E649275AFD6300CD740E /* LevelBox.swift */; };
		6625E64E275B00FE00CD740E /* ApprovedFiguresView.swift in Sources */ = {isa = PBXBuildFile; fileRef = 6625E64D275B00FE00CD740E /* ApprovedFiguresView.swift */; };
		6625E64F275B00FE00CD740E /* ApprovedFiguresView.swift in Sources */ = {isa = PBXBuildFile; fileRef = 6625E64D275B00FE00CD740E /* ApprovedFiguresView.swift */; };
		6625E650275B00FE00CD740E /* ApprovedFiguresView.swift in Sources */ = {isa = PBXBuildFile; fileRef = 6625E64D275B00FE00CD740E /* ApprovedFiguresView.swift */; };
		6625E652275B02EB00CD740E /* FigureDetailView.swift in Sources */ = {isa = PBXBuildFile; fileRef = 6625E651275B02EB00CD740E /* FigureDetailView.swift */; };
		6625E653275B02EB00CD740E /* FigureDetailView.swift in Sources */ = {isa = PBXBuildFile; fileRef = 6625E651275B02EB00CD740E /* FigureDetailView.swift */; };
		6625E654275B02EB00CD740E /* FigureDetailView.swift in Sources */ = {isa = PBXBuildFile; fileRef = 6625E651275B02EB00CD740E /* FigureDetailView.swift */; };
		6625E656275B042C00CD740E /* Model.swift in Sources */ = {isa = PBXBuildFile; fileRef = 6625E655275B042C00CD740E /* Model.swift */; };
		6625E657275B042C00CD740E /* Model.swift in Sources */ = {isa = PBXBuildFile; fileRef = 6625E655275B042C00CD740E /* Model.swift */; };
		6625E658275B042C00CD740E /* Model.swift in Sources */ = {isa = PBXBuildFile; fileRef = 6625E655275B042C00CD740E /* Model.swift */; };
		667963482774153200BB5E18 /* testData.json in Resources */ = {isa = PBXBuildFile; fileRef = 667963472774153200BB5E18 /* testData.json */; };
		667963492774153200BB5E18 /* testData.json in Resources */ = {isa = PBXBuildFile; fileRef = 667963472774153200BB5E18 /* testData.json */; };
		6679634A2774153200BB5E18 /* testData.json in Resources */ = {isa = PBXBuildFile; fileRef = 667963472774153200BB5E18 /* testData.json */; };
		6692F85D27571446006E2E80 /* BallroomDanceApp.swift in Sources */ = {isa = PBXBuildFile; fileRef = 6692F85C27571446006E2E80 /* BallroomDanceApp.swift */; };
		6692F85F27571446006E2E80 /* ContentView.swift in Sources */ = {isa = PBXBuildFile; fileRef = 6692F85E27571446006E2E80 /* ContentView.swift */; };
		6692F86127571447006E2E80 /* Assets.xcassets in Resources */ = {isa = PBXBuildFile; fileRef = 6692F86027571447006E2E80 /* Assets.xcassets */; };
		6692F86427571447006E2E80 /* Preview Assets.xcassets in Resources */ = {isa = PBXBuildFile; fileRef = 6692F86327571447006E2E80 /* Preview Assets.xcassets */; };
		6692F86E27571448006E2E80 /* BallroomDanceTests.swift in Sources */ = {isa = PBXBuildFile; fileRef = 6692F86D27571448006E2E80 /* BallroomDanceTests.swift */; };
		6692F87827571448006E2E80 /* BallroomDanceUITests.swift in Sources */ = {isa = PBXBuildFile; fileRef = 6692F87727571448006E2E80 /* BallroomDanceUITests.swift */; };
		6692F87A27571448006E2E80 /* BallroomDanceUITestsLaunchTests.swift in Sources */ = {isa = PBXBuildFile; fileRef = 6692F87927571448006E2E80 /* BallroomDanceUITestsLaunchTests.swift */; };
		6692F888275714BA006E2E80 /* Division.swift in Sources */ = {isa = PBXBuildFile; fileRef = 6692F887275714BA006E2E80 /* Division.swift */; };
		6692F889275714BA006E2E80 /* Division.swift in Sources */ = {isa = PBXBuildFile; fileRef = 6692F887275714BA006E2E80 /* Division.swift */; };
		6692F88A275714BA006E2E80 /* Division.swift in Sources */ = {isa = PBXBuildFile; fileRef = 6692F887275714BA006E2E80 /* Division.swift */; };
		6692F88C275714CE006E2E80 /* Style.swift in Sources */ = {isa = PBXBuildFile; fileRef = 6692F88B275714CE006E2E80 /* Style.swift */; };
		6692F88D275714CE006E2E80 /* Style.swift in Sources */ = {isa = PBXBuildFile; fileRef = 6692F88B275714CE006E2E80 /* Style.swift */; };
		6692F88E275714CE006E2E80 /* Style.swift in Sources */ = {isa = PBXBuildFile; fileRef = 6692F88B275714CE006E2E80 /* Style.swift */; };
		6692F890275714E1006E2E80 /* DanceBox.swift in Sources */ = {isa = PBXBuildFile; fileRef = 6692F88F275714E1006E2E80 /* DanceBox.swift */; };
		6692F891275714E1006E2E80 /* DanceBox.swift in Sources */ = {isa = PBXBuildFile; fileRef = 6692F88F275714E1006E2E80 /* DanceBox.swift */; };
		6692F892275714E1006E2E80 /* DanceBox.swift in Sources */ = {isa = PBXBuildFile; fileRef = 6692F88F275714E1006E2E80 /* DanceBox.swift */; };
		66ED0EBF276E874B00904ECB /* data.json in Resources */ = {isa = PBXBuildFile; fileRef = 66ED0EBE276E874B00904ECB /* data.json */; };
		66ED0EC0276E874B00904ECB /* data.json in Resources */ = {isa = PBXBuildFile; fileRef = 66ED0EBE276E874B00904ECB /* data.json */; };
		66ED0EC1276E874B00904ECB /* data.json in Resources */ = {isa = PBXBuildFile; fileRef = 66ED0EBE276E874B00904ECB /* data.json */; };
		66F2F497275968B700DAEFEB /* Globals.swift in Sources */ = {isa = PBXBuildFile; fileRef = 66F2F496275968B700DAEFEB /* Globals.swift */; };
		66F2F498275968B700DAEFEB /* Globals.swift in Sources */ = {isa = PBXBuildFile; fileRef = 66F2F496275968B700DAEFEB /* Globals.swift */; };
		66F2F499275968B700DAEFEB /* Globals.swift in Sources */ = {isa = PBXBuildFile; fileRef = 66F2F496275968B700DAEFEB /* Globals.swift */; };
		66F2F49B27596C7B00DAEFEB /* Learn.swift in Sources */ = {isa = PBXBuildFile; fileRef = 66F2F49A27596C7B00DAEFEB /* Learn.swift */; };
		66F2F49C27596C7B00DAEFEB /* Learn.swift in Sources */ = {isa = PBXBuildFile; fileRef = 66F2F49A27596C7B00DAEFEB /* Learn.swift */; };
		66F2F49D27596C7B00DAEFEB /* Learn.swift in Sources */ = {isa = PBXBuildFile; fileRef = 66F2F49A27596C7B00DAEFEB /* Learn.swift */; };
		66F2F49F27596E5700DAEFEB /* Colors.swift in Sources */ = {isa = PBXBuildFile; fileRef = 66F2F49E27596E5700DAEFEB /* Colors.swift */; };
		66F2F4A027596E5700DAEFEB /* Colors.swift in Sources */ = {isa = PBXBuildFile; fileRef = 66F2F49E27596E5700DAEFEB /* Colors.swift */; };
		66F2F4A127596E5700DAEFEB /* Colors.swift in Sources */ = {isa = PBXBuildFile; fileRef = 66F2F49E27596E5700DAEFEB /* Colors.swift */; };
/* End PBXBuildFile section */

/* Begin PBXContainerItemProxy section */
		6692F86A27571448006E2E80 /* PBXContainerItemProxy */ = {
			isa = PBXContainerItemProxy;
			containerPortal = 6692F85127571445006E2E80 /* Project object */;
			proxyType = 1;
			remoteGlobalIDString = 6692F85827571446006E2E80;
			remoteInfo = BallroomDance;
		};
		6692F87427571448006E2E80 /* PBXContainerItemProxy */ = {
			isa = PBXContainerItemProxy;
			containerPortal = 6692F85127571445006E2E80 /* Project object */;
			proxyType = 1;
			remoteGlobalIDString = 6692F85827571446006E2E80;
			remoteInfo = BallroomDance;
		};
/* End PBXContainerItemProxy section */

/* Begin PBXFileReference section */
		6625E645275AF8A000CD740E /* DanceDetailView.swift */ = {isa = PBXFileReference; lastKnownFileType = sourcecode.swift; path = DanceDetailView.swift; sourceTree = "<group>"; };
		6625E649275AFD6300CD740E /* LevelBox.swift */ = {isa = PBXFileReference; lastKnownFileType = sourcecode.swift; path = LevelBox.swift; sourceTree = "<group>"; };
		6625E64D275B00FE00CD740E /* ApprovedFiguresView.swift */ = {isa = PBXFileReference; lastKnownFileType = sourcecode.swift; path = ApprovedFiguresView.swift; sourceTree = "<group>"; };
		6625E651275B02EB00CD740E /* FigureDetailView.swift */ = {isa = PBXFileReference; lastKnownFileType = sourcecode.swift; path = FigureDetailView.swift; sourceTree = "<group>"; };
		6625E655275B042C00CD740E /* Model.swift */ = {isa = PBXFileReference; lastKnownFileType = sourcecode.swift; path = Model.swift; sourceTree = "<group>"; };
		667963472774153200BB5E18 /* testData.json */ = {isa = PBXFileReference; lastKnownFileType = text.json; path = testData.json; sourceTree = "<group>"; };
		6692F85927571446006E2E80 /* Ballroom.app */ = {isa = PBXFileReference; explicitFileType = wrapper.application; includeInIndex = 0; path = Ballroom.app; sourceTree = BUILT_PRODUCTS_DIR; };
		6692F85C27571446006E2E80 /* BallroomDanceApp.swift */ = {isa = PBXFileReference; lastKnownFileType = sourcecode.swift; path = BallroomDanceApp.swift; sourceTree = "<group>"; };
		6692F85E27571446006E2E80 /* ContentView.swift */ = {isa = PBXFileReference; lastKnownFileType = sourcecode.swift; path = ContentView.swift; sourceTree = "<group>"; };
		6692F86027571447006E2E80 /* Assets.xcassets */ = {isa = PBXFileReference; lastKnownFileType = folder.assetcatalog; path = Assets.xcassets; sourceTree = "<group>"; };
		6692F86327571447006E2E80 /* Preview Assets.xcassets */ = {isa = PBXFileReference; lastKnownFileType = folder.assetcatalog; path = "Preview Assets.xcassets"; sourceTree = "<group>"; };
		6692F86927571448006E2E80 /* BallroomDanceTests.xctest */ = {isa = PBXFileReference; explicitFileType = wrapper.cfbundle; includeInIndex = 0; path = BallroomDanceTests.xctest; sourceTree = BUILT_PRODUCTS_DIR; };
		6692F86D27571448006E2E80 /* BallroomDanceTests.swift */ = {isa = PBXFileReference; lastKnownFileType = sourcecode.swift; path = BallroomDanceTests.swift; sourceTree = "<group>"; };
		6692F87327571448006E2E80 /* BallroomDanceUITests.xctest */ = {isa = PBXFileReference; explicitFileType = wrapper.cfbundle; includeInIndex = 0; path = BallroomDanceUITests.xctest; sourceTree = BUILT_PRODUCTS_DIR; };
		6692F87727571448006E2E80 /* BallroomDanceUITests.swift */ = {isa = PBXFileReference; lastKnownFileType = sourcecode.swift; path = BallroomDanceUITests.swift; sourceTree = "<group>"; };
		6692F87927571448006E2E80 /* BallroomDanceUITestsLaunchTests.swift */ = {isa = PBXFileReference; lastKnownFileType = sourcecode.swift; path = BallroomDanceUITestsLaunchTests.swift; sourceTree = "<group>"; };
		6692F887275714BA006E2E80 /* Division.swift */ = {isa = PBXFileReference; lastKnownFileType = sourcecode.swift; path = Division.swift; sourceTree = "<group>"; };
		6692F88B275714CE006E2E80 /* Style.swift */ = {isa = PBXFileReference; lastKnownFileType = sourcecode.swift; path = Style.swift; sourceTree = "<group>"; };
		6692F88F275714E1006E2E80 /* DanceBox.swift */ = {isa = PBXFileReference; lastKnownFileType = sourcecode.swift; path = DanceBox.swift; sourceTree = "<group>"; };
		66ED0EBE276E874B00904ECB /* data.json */ = {isa = PBXFileReference; lastKnownFileType = text.json; path = data.json; sourceTree = "<group>"; };
		66F2F496275968B700DAEFEB /* Globals.swift */ = {isa = PBXFileReference; lastKnownFileType = sourcecode.swift; path = Globals.swift; sourceTree = "<group>"; };
		66F2F49A27596C7B00DAEFEB /* Learn.swift */ = {isa = PBXFileReference; lastKnownFileType = sourcecode.swift; path = Learn.swift; sourceTree = "<group>"; };
		66F2F49E27596E5700DAEFEB /* Colors.swift */ = {isa = PBXFileReference; lastKnownFileType = sourcecode.swift; path = Colors.swift; sourceTree = "<group>"; };
/* End PBXFileReference section */

/* Begin PBXFrameworksBuildPhase section */
		6692F85627571446006E2E80 /* Frameworks */ = {
			isa = PBXFrameworksBuildPhase;
			buildActionMask = 2147483647;
			files = (
			);
			runOnlyForDeploymentPostprocessing = 0;
		};
		6692F86627571448006E2E80 /* Frameworks */ = {
			isa = PBXFrameworksBuildPhase;
			buildActionMask = 2147483647;
			files = (
			);
			runOnlyForDeploymentPostprocessing = 0;
		};
		6692F87027571448006E2E80 /* Frameworks */ = {
			isa = PBXFrameworksBuildPhase;
			buildActionMask = 2147483647;
			files = (
			);
			runOnlyForDeploymentPostprocessing = 0;
		};
/* End PBXFrameworksBuildPhase section */

/* Begin PBXGroup section */
		6692F85027571445006E2E80 = {
			isa = PBXGroup;
			children = (
				6692F85B27571446006E2E80 /* BallroomDance */,
				6692F86C27571448006E2E80 /* BallroomDanceTests */,
				6692F87627571448006E2E80 /* BallroomDanceUITests */,
				6692F85A27571446006E2E80 /* Products */,
			);
			sourceTree = "<group>";
		};
		6692F85A27571446006E2E80 /* Products */ = {
			isa = PBXGroup;
			children = (
				6692F85927571446006E2E80 /* Ballroom.app */,
				6692F86927571448006E2E80 /* BallroomDanceTests.xctest */,
				6692F87327571448006E2E80 /* BallroomDanceUITests.xctest */,
			);
			name = Products;
			sourceTree = "<group>";
		};
		6692F85B27571446006E2E80 /* BallroomDance */ = {
			isa = PBXGroup;
			children = (
				667963472774153200BB5E18 /* testData.json */,
				6692F86227571447006E2E80 /* Preview Content */,
				6692F86027571447006E2E80 /* Assets.xcassets */,
				6692F85C27571446006E2E80 /* BallroomDanceApp.swift */,
				6692F85E27571446006E2E80 /* ContentView.swift */,
				6692F886275714A7006E2E80 /* Views */,
				66F2F496275968B700DAEFEB /* Globals.swift */,
				66F2F49E27596E5700DAEFEB /* Colors.swift */,
				6625E655275B042C00CD740E /* Model.swift */,
				66ED0EBE276E874B00904ECB /* data.json */,
			);
			path = BallroomDance;
			sourceTree = "<group>";
		};
		6692F86227571447006E2E80 /* Preview Content */ = {
			isa = PBXGroup;
			children = (
				6692F86327571447006E2E80 /* Preview Assets.xcassets */,
			);
			path = "Preview Content";
			sourceTree = "<group>";
		};
		6692F86C27571448006E2E80 /* BallroomDanceTests */ = {
			isa = PBXGroup;
			children = (
				6692F86D27571448006E2E80 /* BallroomDanceTests.swift */,
			);
			path = BallroomDanceTests;
			sourceTree = "<group>";
		};
		6692F87627571448006E2E80 /* BallroomDanceUITests */ = {
			isa = PBXGroup;
			children = (
				6692F87727571448006E2E80 /* BallroomDanceUITests.swift */,
				6692F87927571448006E2E80 /* BallroomDanceUITestsLaunchTests.swift */,
			);
			path = BallroomDanceUITests;
			sourceTree = "<group>";
		};
		6692F886275714A7006E2E80 /* Views */ = {
			isa = PBXGroup;
			children = (
				66F2F49A27596C7B00DAEFEB /* Learn.swift */,
				6692F887275714BA006E2E80 /* Division.swift */,
				6692F88B275714CE006E2E80 /* Style.swift */,
				6692F88F275714E1006E2E80 /* DanceBox.swift */,
				6625E645275AF8A000CD740E /* DanceDetailView.swift */,
				6625E649275AFD6300CD740E /* LevelBox.swift */,
				6625E64D275B00FE00CD740E /* ApprovedFiguresView.swift */,
				6625E651275B02EB00CD740E /* FigureDetailView.swift */,
			);
			path = Views;
			sourceTree = "<group>";
		};
/* End PBXGroup section */

/* Begin PBXNativeTarget section */
		6692F85827571446006E2E80 /* BallroomDance */ = {
			isa = PBXNativeTarget;
			buildConfigurationList = 6692F87D27571448006E2E80 /* Build configuration list for PBXNativeTarget "BallroomDance" */;
			buildPhases = (
				6692F85527571446006E2E80 /* Sources */,
				6692F85627571446006E2E80 /* Frameworks */,
				6692F85727571446006E2E80 /* Resources */,
			);
			buildRules = (
			);
			dependencies = (
			);
			name = BallroomDance;
			productName = BallroomDance;
			productReference = 6692F85927571446006E2E80 /* Ballroom.app */;
			productType = "com.apple.product-type.application";
		};
		6692F86827571448006E2E80 /* BallroomDanceTests */ = {
			isa = PBXNativeTarget;
			buildConfigurationList = 6692F88027571448006E2E80 /* Build configuration list for PBXNativeTarget "BallroomDanceTests" */;
			buildPhases = (
				6692F86527571448006E2E80 /* Sources */,
				6692F86627571448006E2E80 /* Frameworks */,
				6692F86727571448006E2E80 /* Resources */,
			);
			buildRules = (
			);
			dependencies = (
				6692F86B27571448006E2E80 /* PBXTargetDependency */,
			);
			name = BallroomDanceTests;
			productName = BallroomDanceTests;
			productReference = 6692F86927571448006E2E80 /* BallroomDanceTests.xctest */;
			productType = "com.apple.product-type.bundle.unit-test";
		};
		6692F87227571448006E2E80 /* BallroomDanceUITests */ = {
			isa = PBXNativeTarget;
			buildConfigurationList = 6692F88327571448006E2E80 /* Build configuration list for PBXNativeTarget "BallroomDanceUITests" */;
			buildPhases = (
				6692F86F27571448006E2E80 /* Sources */,
				6692F87027571448006E2E80 /* Frameworks */,
				6692F87127571448006E2E80 /* Resources */,
			);
			buildRules = (
			);
			dependencies = (
				6692F87527571448006E2E80 /* PBXTargetDependency */,
			);
			name = BallroomDanceUITests;
			productName = BallroomDanceUITests;
			productReference = 6692F87327571448006E2E80 /* BallroomDanceUITests.xctest */;
			productType = "com.apple.product-type.bundle.ui-testing";
		};
/* End PBXNativeTarget section */

/* Begin PBXProject section */
		6692F85127571445006E2E80 /* Project object */ = {
			isa = PBXProject;
			attributes = {
				BuildIndependentTargetsInParallel = 1;
				LastSwiftUpdateCheck = 1310;
				LastUpgradeCheck = 1310;
				TargetAttributes = {
					6692F85827571446006E2E80 = {
						CreatedOnToolsVersion = 13.1;
					};
					6692F86827571448006E2E80 = {
						CreatedOnToolsVersion = 13.1;
						TestTargetID = 6692F85827571446006E2E80;
					};
					6692F87227571448006E2E80 = {
						CreatedOnToolsVersion = 13.1;
						TestTargetID = 6692F85827571446006E2E80;
					};
				};
			};
			buildConfigurationList = 6692F85427571445006E2E80 /* Build configuration list for PBXProject "BallroomDance" */;
			compatibilityVersion = "Xcode 13.0";
			developmentRegion = en;
			hasScannedForEncodings = 0;
			knownRegions = (
				en,
				Base,
			);
			mainGroup = 6692F85027571445006E2E80;
			productRefGroup = 6692F85A27571446006E2E80 /* Products */;
			projectDirPath = "";
			projectRoot = "";
			targets = (
				6692F85827571446006E2E80 /* BallroomDance */,
				6692F86827571448006E2E80 /* BallroomDanceTests */,
				6692F87227571448006E2E80 /* BallroomDanceUITests */,
			);
		};
/* End PBXProject section */

/* Begin PBXResourcesBuildPhase section */
		6692F85727571446006E2E80 /* Resources */ = {
			isa = PBXResourcesBuildPhase;
			buildActionMask = 2147483647;
			files = (
				6692F86427571447006E2E80 /* Preview Assets.xcassets in Resources */,
				66ED0EBF276E874B00904ECB /* data.json in Resources */,
				6692F86127571447006E2E80 /* Assets.xcassets in Resources */,
				667963482774153200BB5E18 /* testData.json in Resources */,
			);
			runOnlyForDeploymentPostprocessing = 0;
		};
		6692F86727571448006E2E80 /* Resources */ = {
			isa = PBXResourcesBuildPhase;
			buildActionMask = 2147483647;
			files = (
				66ED0EC0276E874B00904ECB /* data.json in Resources */,
				667963492774153200BB5E18 /* testData.json in Resources */,
			);
			runOnlyForDeploymentPostprocessing = 0;
		};
		6692F87127571448006E2E80 /* Resources */ = {
			isa = PBXResourcesBuildPhase;
			buildActionMask = 2147483647;
			files = (
				66ED0EC1276E874B00904ECB /* data.json in Resources */,
				6679634A2774153200BB5E18 /* testData.json in Resources */,
			);
			runOnlyForDeploymentPostprocessing = 0;
		};
/* End PBXResourcesBuildPhase section */

/* Begin PBXSourcesBuildPhase section */
		6692F85527571446006E2E80 /* Sources */ = {
			isa = PBXSourcesBuildPhase;
			buildActionMask = 2147483647;
			files = (
				6692F85F27571446006E2E80 /* ContentView.swift in Sources */,
				6625E64E275B00FE00CD740E /* ApprovedFiguresView.swift in Sources */,
				66F2F49F27596E5700DAEFEB /* Colors.swift in Sources */,
				66F2F49B27596C7B00DAEFEB /* Learn.swift in Sources */,
				6692F888275714BA006E2E80 /* Division.swift in Sources */,
				6625E64A275AFD6300CD740E /* LevelBox.swift in Sources */,
				6625E656275B042C00CD740E /* Model.swift in Sources */,
				66F2F497275968B700DAEFEB /* Globals.swift in Sources */,
				6692F85D27571446006E2E80 /* BallroomDanceApp.swift in Sources */,
				6692F88C275714CE006E2E80 /* Style.swift in Sources */,
				6625E652275B02EB00CD740E /* FigureDetailView.swift in Sources */,
				6692F890275714E1006E2E80 /* DanceBox.swift in Sources */,
				6625E646275AF8A000CD740E /* DanceDetailView.swift in Sources */,
			);
			runOnlyForDeploymentPostprocessing = 0;
		};
		6692F86527571448006E2E80 /* Sources */ = {
			isa = PBXSourcesBuildPhase;
			buildActionMask = 2147483647;
			files = (
				6692F889275714BA006E2E80 /* Division.swift in Sources */,
				6625E653275B02EB00CD740E /* FigureDetailView.swift in Sources */,
				6625E647275AF8A000CD740E /* DanceDetailView.swift in Sources */,
				6625E657275B042C00CD740E /* Model.swift in Sources */,
				6692F891275714E1006E2E80 /* DanceBox.swift in Sources */,
				66F2F49C27596C7B00DAEFEB /* Learn.swift in Sources */,
				66F2F4A027596E5700DAEFEB /* Colors.swift in Sources */,
				6625E64B275AFD6300CD740E /* LevelBox.swift in Sources */,
				6692F88D275714CE006E2E80 /* Style.swift in Sources */,
				66F2F498275968B700DAEFEB /* Globals.swift in Sources */,
				6692F86E27571448006E2E80 /* BallroomDanceTests.swift in Sources */,
				6625E64F275B00FE00CD740E /* ApprovedFiguresView.swift in Sources */,
			);
			runOnlyForDeploymentPostprocessing = 0;
		};
		6692F86F27571448006E2E80 /* Sources */ = {
			isa = PBXSourcesBuildPhase;
			buildActionMask = 2147483647;
			files = (
				6692F87A27571448006E2E80 /* BallroomDanceUITestsLaunchTests.swift in Sources */,
				6625E650275B00FE00CD740E /* ApprovedFiguresView.swift in Sources */,
				66F2F4A127596E5700DAEFEB /* Colors.swift in Sources */,
				66F2F49D27596C7B00DAEFEB /* Learn.swift in Sources */,
				6692F88A275714BA006E2E80 /* Division.swift in Sources */,
				6625E64C275AFD6300CD740E /* LevelBox.swift in Sources */,
				6625E658275B042C00CD740E /* Model.swift in Sources */,
				66F2F499275968B700DAEFEB /* Globals.swift in Sources */,
				6692F87827571448006E2E80 /* BallroomDanceUITests.swift in Sources */,
				6692F88E275714CE006E2E80 /* Style.swift in Sources */,
				6625E654275B02EB00CD740E /* FigureDetailView.swift in Sources */,
				6692F892275714E1006E2E80 /* DanceBox.swift in Sources */,
				6625E648275AF8A000CD740E /* DanceDetailView.swift in Sources */,
			);
			runOnlyForDeploymentPostprocessing = 0;
		};
/* End PBXSourcesBuildPhase section */

/* Begin PBXTargetDependency section */
		6692F86B27571448006E2E80 /* PBXTargetDependency */ = {
			isa = PBXTargetDependency;
			target = 6692F85827571446006E2E80 /* BallroomDance */;
			targetProxy = 6692F86A27571448006E2E80 /* PBXContainerItemProxy */;
		};
		6692F87527571448006E2E80 /* PBXTargetDependency */ = {
			isa = PBXTargetDependency;
			target = 6692F85827571446006E2E80 /* BallroomDance */;
			targetProxy = 6692F87427571448006E2E80 /* PBXContainerItemProxy */;
		};
/* End PBXTargetDependency section */

/* Begin XCBuildConfiguration section */
		6692F87B27571448006E2E80 /* Debug */ = {
			isa = XCBuildConfiguration;
			buildSettings = {
				ALWAYS_SEARCH_USER_PATHS = NO;
				CLANG_ANALYZER_NONNULL = YES;
				CLANG_ANALYZER_NUMBER_OBJECT_CONVERSION = YES_AGGRESSIVE;
				CLANG_CXX_LANGUAGE_STANDARD = "gnu++17";
				CLANG_CXX_LIBRARY = "libc++";
				CLANG_ENABLE_MODULES = YES;
				CLANG_ENABLE_OBJC_ARC = YES;
				CLANG_ENABLE_OBJC_WEAK = YES;
				CLANG_WARN_BLOCK_CAPTURE_AUTORELEASING = YES;
				CLANG_WARN_BOOL_CONVERSION = YES;
				CLANG_WARN_COMMA = YES;
				CLANG_WARN_CONSTANT_CONVERSION = YES;
				CLANG_WARN_DEPRECATED_OBJC_IMPLEMENTATIONS = YES;
				CLANG_WARN_DIRECT_OBJC_ISA_USAGE = YES_ERROR;
				CLANG_WARN_DOCUMENTATION_COMMENTS = YES;
				CLANG_WARN_EMPTY_BODY = YES;
				CLANG_WARN_ENUM_CONVERSION = YES;
				CLANG_WARN_INFINITE_RECURSION = YES;
				CLANG_WARN_INT_CONVERSION = YES;
				CLANG_WARN_NON_LITERAL_NULL_CONVERSION = YES;
				CLANG_WARN_OBJC_IMPLICIT_RETAIN_SELF = YES;
				CLANG_WARN_OBJC_LITERAL_CONVERSION = YES;
				CLANG_WARN_OBJC_ROOT_CLASS = YES_ERROR;
				CLANG_WARN_QUOTED_INCLUDE_IN_FRAMEWORK_HEADER = YES;
				CLANG_WARN_RANGE_LOOP_ANALYSIS = YES;
				CLANG_WARN_STRICT_PROTOTYPES = YES;
				CLANG_WARN_SUSPICIOUS_MOVE = YES;
				CLANG_WARN_UNGUARDED_AVAILABILITY = YES_AGGRESSIVE;
				CLANG_WARN_UNREACHABLE_CODE = YES;
				CLANG_WARN__DUPLICATE_METHOD_MATCH = YES;
				COPY_PHASE_STRIP = NO;
				DEBUG_INFORMATION_FORMAT = dwarf;
				ENABLE_STRICT_OBJC_MSGSEND = YES;
				ENABLE_TESTABILITY = YES;
				GCC_C_LANGUAGE_STANDARD = gnu11;
				GCC_DYNAMIC_NO_PIC = NO;
				GCC_NO_COMMON_BLOCKS = YES;
				GCC_OPTIMIZATION_LEVEL = 0;
				GCC_PREPROCESSOR_DEFINITIONS = (
					"DEBUG=1",
					"$(inherited)",
				);
				GCC_WARN_64_TO_32_BIT_CONVERSION = YES;
				GCC_WARN_ABOUT_RETURN_TYPE = YES_ERROR;
				GCC_WARN_UNDECLARED_SELECTOR = YES;
				GCC_WARN_UNINITIALIZED_AUTOS = YES_AGGRESSIVE;
				GCC_WARN_UNUSED_FUNCTION = YES;
				GCC_WARN_UNUSED_VARIABLE = YES;
				IPHONEOS_DEPLOYMENT_TARGET = 15.0;
				MTL_ENABLE_DEBUG_INFO = INCLUDE_SOURCE;
				MTL_FAST_MATH = YES;
				ONLY_ACTIVE_ARCH = YES;
				SDKROOT = iphoneos;
				SWIFT_ACTIVE_COMPILATION_CONDITIONS = DEBUG;
				SWIFT_OPTIMIZATION_LEVEL = "-Onone";
			};
			name = Debug;
		};
		6692F87C27571448006E2E80 /* Release */ = {
			isa = XCBuildConfiguration;
			buildSettings = {
				ALWAYS_SEARCH_USER_PATHS = NO;
				CLANG_ANALYZER_NONNULL = YES;
				CLANG_ANALYZER_NUMBER_OBJECT_CONVERSION = YES_AGGRESSIVE;
				CLANG_CXX_LANGUAGE_STANDARD = "gnu++17";
				CLANG_CXX_LIBRARY = "libc++";
				CLANG_ENABLE_MODULES = YES;
				CLANG_ENABLE_OBJC_ARC = YES;
				CLANG_ENABLE_OBJC_WEAK = YES;
				CLANG_WARN_BLOCK_CAPTURE_AUTORELEASING = YES;
				CLANG_WARN_BOOL_CONVERSION = YES;
				CLANG_WARN_COMMA = YES;
				CLANG_WARN_CONSTANT_CONVERSION = YES;
				CLANG_WARN_DEPRECATED_OBJC_IMPLEMENTATIONS = YES;
				CLANG_WARN_DIRECT_OBJC_ISA_USAGE = YES_ERROR;
				CLANG_WARN_DOCUMENTATION_COMMENTS = YES;
				CLANG_WARN_EMPTY_BODY = YES;
				CLANG_WARN_ENUM_CONVERSION = YES;
				CLANG_WARN_INFINITE_RECURSION = YES;
				CLANG_WARN_INT_CONVERSION = YES;
				CLANG_WARN_NON_LITERAL_NULL_CONVERSION = YES;
				CLANG_WARN_OBJC_IMPLICIT_RETAIN_SELF = YES;
				CLANG_WARN_OBJC_LITERAL_CONVERSION = YES;
				CLANG_WARN_OBJC_ROOT_CLASS = YES_ERROR;
				CLANG_WARN_QUOTED_INCLUDE_IN_FRAMEWORK_HEADER = YES;
				CLANG_WARN_RANGE_LOOP_ANALYSIS = YES;
				CLANG_WARN_STRICT_PROTOTYPES = YES;
				CLANG_WARN_SUSPICIOUS_MOVE = YES;
				CLANG_WARN_UNGUARDED_AVAILABILITY = YES_AGGRESSIVE;
				CLANG_WARN_UNREACHABLE_CODE = YES;
				CLANG_WARN__DUPLICATE_METHOD_MATCH = YES;
				COPY_PHASE_STRIP = NO;
				DEBUG_INFORMATION_FORMAT = "dwarf-with-dsym";
				ENABLE_NS_ASSERTIONS = NO;
				ENABLE_STRICT_OBJC_MSGSEND = YES;
				GCC_C_LANGUAGE_STANDARD = gnu11;
				GCC_NO_COMMON_BLOCKS = YES;
				GCC_WARN_64_TO_32_BIT_CONVERSION = YES;
				GCC_WARN_ABOUT_RETURN_TYPE = YES_ERROR;
				GCC_WARN_UNDECLARED_SELECTOR = YES;
				GCC_WARN_UNINITIALIZED_AUTOS = YES_AGGRESSIVE;
				GCC_WARN_UNUSED_FUNCTION = YES;
				GCC_WARN_UNUSED_VARIABLE = YES;
				IPHONEOS_DEPLOYMENT_TARGET = 15.0;
				MTL_ENABLE_DEBUG_INFO = NO;
				MTL_FAST_MATH = YES;
				SDKROOT = iphoneos;
				SWIFT_COMPILATION_MODE = wholemodule;
				SWIFT_OPTIMIZATION_LEVEL = "-O";
				VALIDATE_PRODUCT = YES;
			};
			name = Release;
		};
		6692F87E27571448006E2E80 /* Debug */ = {
			isa = XCBuildConfiguration;
			buildSettings = {
				ASSETCATALOG_COMPILER_APPICON_NAME = AppIcon;
				ASSETCATALOG_COMPILER_GLOBAL_ACCENT_COLOR_NAME = AccentColor;
				CODE_SIGN_STYLE = Automatic;
				CURRENT_PROJECT_VERSION = 1;
				DEVELOPMENT_ASSET_PATHS = "\"BallroomDance/Preview Content\"";
				DEVELOPMENT_TEAM = SBS6PCTEQ9;
				ENABLE_PREVIEWS = YES;
				GENERATE_INFOPLIST_FILE = YES;
				INFOPLIST_KEY_UIApplicationSceneManifest_Generation = YES;
				INFOPLIST_KEY_UIApplicationSupportsIndirectInputEvents = YES;
				INFOPLIST_KEY_UILaunchScreen_Generation = YES;
				INFOPLIST_KEY_UISupportedInterfaceOrientations_iPad = "UIInterfaceOrientationPortrait UIInterfaceOrientationPortraitUpsideDown UIInterfaceOrientationLandscapeLeft UIInterfaceOrientationLandscapeRight";
				INFOPLIST_KEY_UISupportedInterfaceOrientations_iPhone = "UIInterfaceOrientationPortrait UIInterfaceOrientationLandscapeLeft UIInterfaceOrientationLandscapeRight";
				LD_RUNPATH_SEARCH_PATHS = (
					"$(inherited)",
					"@executable_path/Frameworks",
				);
				MARKETING_VERSION = 1.0;
				PRODUCT_BUNDLE_IDENTIFIER = com.DrewBrokamp.BallroomDance;
				PRODUCT_NAME = Ballroom;
				SWIFT_EMIT_LOC_STRINGS = YES;
				SWIFT_VERSION = 5.0;
				TARGETED_DEVICE_FAMILY = "1,2";
			};
			name = Debug;
		};
		6692F87F27571448006E2E80 /* Release */ = {
			isa = XCBuildConfiguration;
			buildSettings = {
				ASSETCATALOG_COMPILER_APPICON_NAME = AppIcon;
				ASSETCATALOG_COMPILER_GLOBAL_ACCENT_COLOR_NAME = AccentColor;
				CODE_SIGN_STYLE = Automatic;
				CURRENT_PROJECT_VERSION = 1;
				DEVELOPMENT_ASSET_PATHS = "\"BallroomDance/Preview Content\"";
				DEVELOPMENT_TEAM = SBS6PCTEQ9;
				ENABLE_PREVIEWS = YES;
				GENERATE_INFOPLIST_FILE = YES;
				INFOPLIST_KEY_UIApplicationSceneManifest_Generation = YES;
				INFOPLIST_KEY_UIApplicationSupportsIndirectInputEvents = YES;
				INFOPLIST_KEY_UILaunchScreen_Generation = YES;
				INFOPLIST_KEY_UISupportedInterfaceOrientations_iPad = "UIInterfaceOrientationPortrait UIInterfaceOrientationPortraitUpsideDown UIInterfaceOrientationLandscapeLeft UIInterfaceOrientationLandscapeRight";
				INFOPLIST_KEY_UISupportedInterfaceOrientations_iPhone = "UIInterfaceOrientationPortrait UIInterfaceOrientationLandscapeLeft UIInterfaceOrientationLandscapeRight";
				LD_RUNPATH_SEARCH_PATHS = (
					"$(inherited)",
					"@executable_path/Frameworks",
				);
				MARKETING_VERSION = 1.0;
				PRODUCT_BUNDLE_IDENTIFIER = com.DrewBrokamp.BallroomDance;
				PRODUCT_NAME = Ballroom;
				SWIFT_EMIT_LOC_STRINGS = YES;
				SWIFT_VERSION = 5.0;
				TARGETED_DEVICE_FAMILY = "1,2";
			};
			name = Release;
		};
		6692F88127571448006E2E80 /* Debug */ = {
			isa = XCBuildConfiguration;
			buildSettings = {
				ALWAYS_EMBED_SWIFT_STANDARD_LIBRARIES = YES;
				BUNDLE_LOADER = "$(TEST_HOST)";
				CODE_SIGN_STYLE = Automatic;
				CURRENT_PROJECT_VERSION = 1;
				DEVELOPMENT_TEAM = SBS6PCTEQ9;
				GENERATE_INFOPLIST_FILE = YES;
				IPHONEOS_DEPLOYMENT_TARGET = 15.0;
				LD_RUNPATH_SEARCH_PATHS = (
					"$(inherited)",
					"@executable_path/Frameworks",
					"@loader_path/Frameworks",
				);
				MARKETING_VERSION = 1.0;
				PRODUCT_BUNDLE_IDENTIFIER = com.DrewBrokamp.BallroomDanceTests;
				PRODUCT_NAME = "$(TARGET_NAME)";
				SWIFT_EMIT_LOC_STRINGS = NO;
				SWIFT_VERSION = 5.0;
				TARGETED_DEVICE_FAMILY = "1,2";
				TEST_HOST = "$(BUILT_PRODUCTS_DIR)/BallroomDance.app/BallroomDance";
			};
			name = Debug;
		};
		6692F88227571448006E2E80 /* Release */ = {
			isa = XCBuildConfiguration;
			buildSettings = {
				ALWAYS_EMBED_SWIFT_STANDARD_LIBRARIES = YES;
				BUNDLE_LOADER = "$(TEST_HOST)";
				CODE_SIGN_STYLE = Automatic;
				CURRENT_PROJECT_VERSION = 1;
				DEVELOPMENT_TEAM = SBS6PCTEQ9;
				GENERATE_INFOPLIST_FILE = YES;
				IPHONEOS_DEPLOYMENT_TARGET = 15.0;
				LD_RUNPATH_SEARCH_PATHS = (
					"$(inherited)",
					"@executable_path/Frameworks",
					"@loader_path/Frameworks",
				);
				MARKETING_VERSION = 1.0;
				PRODUCT_BUNDLE_IDENTIFIER = com.DrewBrokamp.BallroomDanceTests;
				PRODUCT_NAME = "$(TARGET_NAME)";
				SWIFT_EMIT_LOC_STRINGS = NO;
				SWIFT_VERSION = 5.0;
				TARGETED_DEVICE_FAMILY = "1,2";
				TEST_HOST = "$(BUILT_PRODUCTS_DIR)/BallroomDance.app/BallroomDance";
			};
			name = Release;
		};
		6692F88427571448006E2E80 /* Debug */ = {
			isa = XCBuildConfiguration;
			buildSettings = {
				ALWAYS_EMBED_SWIFT_STANDARD_LIBRARIES = YES;
				CODE_SIGN_STYLE = Automatic;
				CURRENT_PROJECT_VERSION = 1;
				DEVELOPMENT_TEAM = SBS6PCTEQ9;
				GENERATE_INFOPLIST_FILE = YES;
				LD_RUNPATH_SEARCH_PATHS = (
					"$(inherited)",
					"@executable_path/Frameworks",
					"@loader_path/Frameworks",
				);
				MARKETING_VERSION = 1.0;
				PRODUCT_BUNDLE_IDENTIFIER = com.DrewBrokamp.BallroomDanceUITests;
				PRODUCT_NAME = "$(TARGET_NAME)";
				SWIFT_EMIT_LOC_STRINGS = NO;
				SWIFT_VERSION = 5.0;
				TARGETED_DEVICE_FAMILY = "1,2";
				TEST_TARGET_NAME = BallroomDance;
			};
			name = Debug;
		};
		6692F88527571448006E2E80 /* Release */ = {
			isa = XCBuildConfiguration;
			buildSettings = {
				ALWAYS_EMBED_SWIFT_STANDARD_LIBRARIES = YES;
				CODE_SIGN_STYLE = Automatic;
				CURRENT_PROJECT_VERSION = 1;
				DEVELOPMENT_TEAM = SBS6PCTEQ9;
				GENERATE_INFOPLIST_FILE = YES;
				LD_RUNPATH_SEARCH_PATHS = (
					"$(inherited)",
					"@executable_path/Frameworks",
					"@loader_path/Frameworks",
				);
				MARKETING_VERSION = 1.0;
				PRODUCT_BUNDLE_IDENTIFIER = com.DrewBrokamp.BallroomDanceUITests;
				PRODUCT_NAME = "$(TARGET_NAME)";
				SWIFT_EMIT_LOC_STRINGS = NO;
				SWIFT_VERSION = 5.0;
				TARGETED_DEVICE_FAMILY = "1,2";
				TEST_TARGET_NAME = BallroomDance;
			};
			name = Release;
		};
/* End XCBuildConfiguration section */

/* Begin XCConfigurationList section */
		6692F85427571445006E2E80 /* Build configuration list for PBXProject "BallroomDance" */ = {
			isa = XCConfigurationList;
			buildConfigurations = (
				6692F87B27571448006E2E80 /* Debug */,
				6692F87C27571448006E2E80 /* Release */,
			);
			defaultConfigurationIsVisible = 0;
			defaultConfigurationName = Release;
		};
		6692F87D27571448006E2E80 /* Build configuration list for PBXNativeTarget "BallroomDance" */ = {
			isa = XCConfigurationList;
			buildConfigurations = (
				6692F87E27571448006E2E80 /* Debug */,
				6692F87F27571448006E2E80 /* Release */,
			);
			defaultConfigurationIsVisible = 0;
			defaultConfigurationName = Release;
		};
		6692F88027571448006E2E80 /* Build configuration list for PBXNativeTarget "BallroomDanceTests" */ = {
			isa = XCConfigurationList;
			buildConfigurations = (
				6692F88127571448006E2E80 /* Debug */,
				6692F88227571448006E2E80 /* Release */,
			);
			defaultConfigurationIsVisible = 0;
			defaultConfigurationName = Release;
		};
		6692F88327571448006E2E80 /* Build configuration list for PBXNativeTarget "BallroomDanceUITests" */ = {
			isa = XCConfigurationList;
			buildConfigurations = (
				6692F88427571448006E2E80 /* Debug */,
				6692F88527571448006E2E80 /* Release */,
			);
			defaultConfigurationIsVisible = 0;
			defaultConfigurationName = Release;
		};
/* End XCConfigurationList section */
	};
	rootObject = 6692F85127571445006E2E80 /* Project object */;
}
